
Microsoft Visual Studio Solution File, Format Version 12.00
# Visual Studio Version 17
VisualStudioVersion = 17.5.33424.131
MinimumVisualStudioVersion = 10.0.40219.1
Project("{9A19103F-16F7-4668-BE54-9A1E7A4F7556}") = "ExchangeClient", "ExchangeClient\ExchangeClient.csproj", "{C3264408-184B-4030-828D-949B06E7D874}"
EndProject
Global
	GlobalSection(SolutionConfigurationPlatforms) = preSolution
		Debug|Any CPU = Debug|Any CPU
		Release|Any CPU = Release|Any CPU
	EndGlobalSection
	GlobalSection(ProjectConfigurationPlatforms) = postSolution
		{C3264408-184B-4030-828D-949B06E7D874}.Debug|Any CPU.ActiveCfg = Release|Any CPU
		{C3264408-184B-4030-828D-949B06E7D874}.Debug|Any CPU.Build.0 = Release|Any CPU
		{C3264408-184B-4030-828D-949B06E7D874}.Release|Any CPU.ActiveCfg = Release|Any CPU
		{C3264408-184B-4030-828D-949B06E7D874}.Release|Any CPU.Build.0 = Release|Any CPU
	EndGlobalSection
	GlobalSection(SolutionProperties) = preSolution
		HideSolutionNode = FALSE
	EndGlobalSection
	GlobalSection(ExtensibilityGlobals) = postSolution
		SolutionGuid = {0BDAEDC3-70C1-4F9B-8C02-55E1FED83CA9}
	EndGlobalSection
EndGlobal
